// !$*UTF8*$!
{
	archiveVersion = 1;
	classes = {
	};
	objectVersion = 46;
	objects = {

/* Begin PBXBuildFile section */
		3D47714A1F7BF5530047095F /* Settings.bundle in Resources */ = {isa = PBXBuildFile; fileRef = 3D4771491F7BF5530047095F /* Settings.bundle */; };
		3DC480681F7947520091AADB /* Animator.swift in Sources */ = {isa = PBXBuildFile; fileRef = 3DC480671F7947520091AADB /* Animator.swift */; };
		574B33F72655D26B0097710D /* LaunchScreen.storyboard in Resources */ = {isa = PBXBuildFile; fileRef = 574B33F62655D26B0097710D /* LaunchScreen.storyboard */; };
		57E122101F7B03E400703722 /* 659681-200.png in Resources */ = {isa = PBXBuildFile; fileRef = 57E1220F1F7B03E400703722 /* 659681-200.png */; };
		57FF0F8F264F0F52008DEFF4 /* BirdsViewController.swift in Sources */ = {isa = PBXBuildFile; fileRef = 57FF0F8E264F0F52008DEFF4 /* BirdsViewController.swift */; };
		57FF0F9126554084008DEFF4 /* Constants.swift in Sources */ = {isa = PBXBuildFile; fileRef = 57FF0F9026554084008DEFF4 /* Constants.swift */; };
		5D11EEDE1F77FE9100ADE81F /* HappyBirthdaay_K_CH.png in Resources */ = {isa = PBXBuildFile; fileRef = 5D11EED71F77FE9100ADE81F /* HappyBirthdaay_K_CH.png */; };
		5D11EEDF1F77FE9100ADE81F /* HappyBirthdaay_K_HB.png in Resources */ = {isa = PBXBuildFile; fileRef = 5D11EED81F77FE9100ADE81F /* HappyBirthdaay_K_HB.png */; };
		5D11EEE01F77FE9100ADE81F /* HappyBirthdaay_K__BG_F.jpg in Resources */ = {isa = PBXBuildFile; fileRef = 5D11EED91F77FE9100ADE81F /* HappyBirthdaay_K__BG_F.jpg */; };
		5D11EEE11F77FE9100ADE81F /* HappyBirthdaay_N_CH.png in Resources */ = {isa = PBXBuildFile; fileRef = 5D11EEDA1F77FE9100ADE81F /* HappyBirthdaay_N_CH.png */; };
		5D11EEE21F77FE9100ADE81F /* HappyBirthdaay_N_HB.jpg in Resources */ = {isa = PBXBuildFile; fileRef = 5D11EEDB1F77FE9100ADE81F /* HappyBirthdaay_N_HB.jpg */; };
		5D11EEE31F77FE9100ADE81F /* HappyBirthdaay_N_BG.jpg in Resources */ = {isa = PBXBuildFile; fileRef = 5D11EEDC1F77FE9100ADE81F /* HappyBirthdaay_N_BG.jpg */; };
		5D11EEE41F77FE9100ADE81F /* HappyBirthdaay_K_BG.jpg in Resources */ = {isa = PBXBuildFile; fileRef = 5D11EEDD1F77FE9100ADE81F /* HappyBirthdaay_K_BG.jpg */; };
		5D31711E1F7768F200596D4A /* AppDelegate.swift in Sources */ = {isa = PBXBuildFile; fileRef = 5D31711D1F7768F200596D4A /* AppDelegate.swift */; };
		5D3171201F7768F200596D4A /* ViewController.swift in Sources */ = {isa = PBXBuildFile; fileRef = 5D31711F1F7768F200596D4A /* ViewController.swift */; };
		5D3171231F7768F200596D4A /* Main.storyboard in Resources */ = {isa = PBXBuildFile; fileRef = 5D3171211F7768F200596D4A /* Main.storyboard */; };
		5D3171251F7768F200596D4A /* Assets.xcassets in Resources */ = {isa = PBXBuildFile; fileRef = 5D3171241F7768F200596D4A /* Assets.xcassets */; };
		5D3171311F77797100596D4A /* HappyBirthdaay_Kitsch.jpg in Resources */ = {isa = PBXBuildFile; fileRef = 5D31712F1F77797100596D4A /* HappyBirthdaay_Kitsch.jpg */; };
		5D3171321F77797100596D4A /* HappyBirthdaay_Neon2.jpg in Resources */ = {isa = PBXBuildFile; fileRef = 5D3171301F77797100596D4A /* HappyBirthdaay_Neon2.jpg */; };
		5D3171351F777A7200596D4A /* HappyBirthdaay_K.jpg in Resources */ = {isa = PBXBuildFile; fileRef = 5D3171331F777A7200596D4A /* HappyBirthdaay_K.jpg */; };
		5D3171361F777A7200596D4A /* HappyBirthdaay_N.jpg in Resources */ = {isa = PBXBuildFile; fileRef = 5D3171341F777A7200596D4A /* HappyBirthdaay_N.jpg */; };
		5D3171391F77834B00596D4A /* Birds_01.aif in Resources */ = {isa = PBXBuildFile; fileRef = 5D3171371F77820100596D4A /* Birds_01.aif */; };
		5D31713B1F77885600596D4A /* Who Likes to Party.mp3 in Resources */ = {isa = PBXBuildFile; fileRef = 5D31713A1F77885600596D4A /* Who Likes to Party.mp3 */; };
		5D31713D1F7788FF00596D4A /* NeonViewController.swift in Sources */ = {isa = PBXBuildFile; fileRef = 5D31713C1F7788FF00596D4A /* NeonViewController.swift */; };
/* End PBXBuildFile section */

/* Begin PBXFileReference section */
		3D4771491F7BF5530047095F /* Settings.bundle */ = {isa = PBXFileReference; lastKnownFileType = "wrapper.plug-in"; name = Settings.bundle; path = HappyBirthday/Settings.bundle; sourceTree = "<group>"; };
		3DC480671F7947520091AADB /* Animator.swift */ = {isa = PBXFileReference; fileEncoding = 4; lastKnownFileType = sourcecode.swift; path = Animator.swift; sourceTree = "<group>"; };
		574B33F62655D26B0097710D /* LaunchScreen.storyboard */ = {isa = PBXFileReference; fileEncoding = 4; lastKnownFileType = file.storyboard; path = LaunchScreen.storyboard; sourceTree = "<group>"; };
		57E1220F1F7B03E400703722 /* 659681-200.png */ = {isa = PBXFileReference; lastKnownFileType = image.png; path = "659681-200.png"; sourceTree = "<group>"; };
		57FF0F8E264F0F52008DEFF4 /* BirdsViewController.swift */ = {isa = PBXFileReference; lastKnownFileType = sourcecode.swift; path = BirdsViewController.swift; sourceTree = "<group>"; };
		57FF0F9026554084008DEFF4 /* Constants.swift */ = {isa = PBXFileReference; lastKnownFileType = sourcecode.swift; path = Constants.swift; sourceTree = "<group>"; };
		5D11EED71F77FE9100ADE81F /* HappyBirthdaay_K_CH.png */ = {isa = PBXFileReference; lastKnownFileType = image.png; path = HappyBirthdaay_K_CH.png; sourceTree = "<group>"; };
		5D11EED81F77FE9100ADE81F /* HappyBirthdaay_K_HB.png */ = {isa = PBXFileReference; lastKnownFileType = image.png; path = HappyBirthdaay_K_HB.png; sourceTree = "<group>"; };
		5D11EED91F77FE9100ADE81F /* HappyBirthdaay_K__BG_F.jpg */ = {isa = PBXFileReference; lastKnownFileType = image.jpeg; path = HappyBirthdaay_K__BG_F.jpg; sourceTree = "<group>"; };
		5D11EEDA1F77FE9100ADE81F /* HappyBirthdaay_N_CH.png */ = {isa = PBXFileReference; lastKnownFileType = image.png; path = HappyBirthdaay_N_CH.png; sourceTree = "<group>"; };
		5D11EEDB1F77FE9100ADE81F /* HappyBirthdaay_N_HB.jpg */ = {isa = PBXFileReference; lastKnownFileType = image.jpeg; path = HappyBirthdaay_N_HB.jpg; sourceTree = "<group>"; };
		5D11EEDC1F77FE9100ADE81F /* HappyBirthdaay_N_BG.jpg */ = {isa = PBXFileReference; lastKnownFileType = image.jpeg; path = HappyBirthdaay_N_BG.jpg; sourceTree = "<group>"; };
		5D11EEDD1F77FE9100ADE81F /* HappyBirthdaay_K_BG.jpg */ = {isa = PBXFileReference; lastKnownFileType = image.jpeg; path = HappyBirthdaay_K_BG.jpg; sourceTree = "<group>"; };
		5D31711A1F7768F200596D4A /* HappyBirthday.app */ = {isa = PBXFileReference; explicitFileType = wrapper.application; includeInIndex = 0; path = HappyBirthday.app; sourceTree = BUILT_PRODUCTS_DIR; };
		5D31711D1F7768F200596D4A /* AppDelegate.swift */ = {isa = PBXFileReference; lastKnownFileType = sourcecode.swift; path = AppDelegate.swift; sourceTree = "<group>"; };
		5D31711F1F7768F200596D4A /* ViewController.swift */ = {isa = PBXFileReference; lastKnownFileType = sourcecode.swift; path = ViewController.swift; sourceTree = "<group>"; };
		5D3171221F7768F200596D4A /* Base */ = {isa = PBXFileReference; lastKnownFileType = file.storyboard; name = Base; path = Base.lproj/Main.storyboard; sourceTree = "<group>"; };
		5D3171241F7768F200596D4A /* Assets.xcassets */ = {isa = PBXFileReference; lastKnownFileType = folder.assetcatalog; path = Assets.xcassets; sourceTree = "<group>"; };
		5D3171291F7768F200596D4A /* Info.plist */ = {isa = PBXFileReference; lastKnownFileType = text.plist.xml; path = Info.plist; sourceTree = "<group>"; };
		5D31712F1F77797100596D4A /* HappyBirthdaay_Kitsch.jpg */ = {isa = PBXFileReference; lastKnownFileType = image.jpeg; path = HappyBirthdaay_Kitsch.jpg; sourceTree = "<group>"; };
		5D3171301F77797100596D4A /* HappyBirthdaay_Neon2.jpg */ = {isa = PBXFileReference; lastKnownFileType = image.jpeg; path = HappyBirthdaay_Neon2.jpg; sourceTree = "<group>"; };
		5D3171331F777A7200596D4A /* HappyBirthdaay_K.jpg */ = {isa = PBXFileReference; lastKnownFileType = image.jpeg; path = HappyBirthdaay_K.jpg; sourceTree = "<group>"; };
		5D3171341F777A7200596D4A /* HappyBirthdaay_N.jpg */ = {isa = PBXFileReference; lastKnownFileType = image.jpeg; path = HappyBirthdaay_N.jpg; sourceTree = "<group>"; };
		5D3171371F77820100596D4A /* Birds_01.aif */ = {isa = PBXFileReference; lastKnownFileType = file; path = Birds_01.aif; sourceTree = "<group>"; };
		5D31713A1F77885600596D4A /* Who Likes to Party.mp3 */ = {isa = PBXFileReference; lastKnownFileType = audio.mp3; path = "Who Likes to Party.mp3"; sourceTree = "<group>"; };
		5D31713C1F7788FF00596D4A /* NeonViewController.swift */ = {isa = PBXFileReference; fileEncoding = 4; lastKnownFileType = sourcecode.swift; path = NeonViewController.swift; sourceTree = "<group>"; };
/* End PBXFileReference section */

/* Begin PBXFrameworksBuildPhase section */
		5D3171171F7768F200596D4A /* Frameworks */ = {
			isa = PBXFrameworksBuildPhase;
			buildActionMask = 2147483647;
			files = (
			);
			runOnlyForDeploymentPostprocessing = 0;
		};
/* End PBXFrameworksBuildPhase section */

/* Begin PBXGroup section */
		5D11EED61F77FE5300ADE81F /* Graphic Assets */ = {
			isa = PBXGroup;
			children = (
				57E1220F1F7B03E400703722 /* 659681-200.png */,
				5D11EED71F77FE9100ADE81F /* HappyBirthdaay_K_CH.png */,
				5D11EED81F77FE9100ADE81F /* HappyBirthdaay_K_HB.png */,
				5D11EED91F77FE9100ADE81F /* HappyBirthdaay_K__BG_F.jpg */,
				5D11EEDA1F77FE9100ADE81F /* HappyBirthdaay_N_CH.png */,
				5D11EEDB1F77FE9100ADE81F /* HappyBirthdaay_N_HB.jpg */,
				5D11EEDC1F77FE9100ADE81F /* HappyBirthdaay_N_BG.jpg */,
				5D11EEDD1F77FE9100ADE81F /* HappyBirthdaay_K_BG.jpg */,
				5D31712F1F77797100596D4A /* HappyBirthdaay_Kitsch.jpg */,
				5D3171301F77797100596D4A /* HappyBirthdaay_Neon2.jpg */,
				5D3171331F777A7200596D4A /* HappyBirthdaay_K.jpg */,
				5D3171341F777A7200596D4A /* HappyBirthdaay_N.jpg */,
			);
			name = "Graphic Assets";
			sourceTree = "<group>";
		};
		5D3171111F7768F200596D4A = {
			isa = PBXGroup;
			children = (
				3D4771491F7BF5530047095F /* Settings.bundle */,
				5D31711C1F7768F200596D4A /* HappyBirthday */,
				5D31711B1F7768F200596D4A /* Products */,
			);
			sourceTree = "<group>";
		};
		5D31711B1F7768F200596D4A /* Products */ = {
			isa = PBXGroup;
			children = (
				5D31711A1F7768F200596D4A /* HappyBirthday.app */,
			);
			name = Products;
			sourceTree = "<group>";
		};
		5D31711C1F7768F200596D4A /* HappyBirthday */ = {
			isa = PBXGroup;
			children = (
				5D31711D1F7768F200596D4A /* AppDelegate.swift */,
				57FF0F9026554084008DEFF4 /* Constants.swift */,
				5D31711F1F7768F200596D4A /* ViewController.swift */,
				3DC480671F7947520091AADB /* Animator.swift */,
				57FF0F8E264F0F52008DEFF4 /* BirdsViewController.swift */,
				5D31713C1F7788FF00596D4A /* NeonViewController.swift */,
				5D3171211F7768F200596D4A /* Main.storyboard */,
				574B33F62655D26B0097710D /* LaunchScreen.storyboard */,
				5D11EED61F77FE5300ADE81F /* Graphic Assets */,
				5D3171381F77822400596D4A /* Music */,
				5D3171241F7768F200596D4A /* Assets.xcassets */,
				5D3171291F7768F200596D4A /* Info.plist */,
			);
			path = HappyBirthday;
			sourceTree = "<group>";
		};
		5D3171381F77822400596D4A /* Music */ = {
			isa = PBXGroup;
			children = (
				5D3171371F77820100596D4A /* Birds_01.aif */,
				5D31713A1F77885600596D4A /* Who Likes to Party.mp3 */,
			);
			name = Music;
			sourceTree = "<group>";
		};
/* End PBXGroup section */

/* Begin PBXNativeTarget section */
		5D3171191F7768F200596D4A /* HappyBirthday */ = {
			isa = PBXNativeTarget;
			buildConfigurationList = 5D31712C1F7768F200596D4A /* Build configuration list for PBXNativeTarget "HappyBirthday" */;
			buildPhases = (
				5D3171161F7768F200596D4A /* Sources */,
				5D3171171F7768F200596D4A /* Frameworks */,
				5D3171181F7768F200596D4A /* Resources */,
			);
			buildRules = (
			);
			dependencies = (
			);
			name = HappyBirthday;
			productName = HappyBirthday;
			productReference = 5D31711A1F7768F200596D4A /* HappyBirthday.app */;
			productType = "com.apple.product-type.application";
		};
/* End PBXNativeTarget section */

/* Begin PBXProject section */
		5D3171121F7768F200596D4A /* Project object */ = {
			isa = PBXProject;
			attributes = {
				LastSwiftUpdateCheck = 0830;
				LastUpgradeCheck = 1250;
				ORGANIZATIONNAME = Lookforrachel;
				TargetAttributes = {
					5D3171191F7768F200596D4A = {
						CreatedOnToolsVersion = 8.3.1;
						DevelopmentTeam = 3C42F7N9CQ;
						ProvisioningStyle = Automatic;
					};
				};
			};
			buildConfigurationList = 5D3171151F7768F200596D4A /* Build configuration list for PBXProject "HappyBirthday" */;
			compatibilityVersion = "Xcode 3.2";
			developmentRegion = en;
			hasScannedForEncodings = 0;
			knownRegions = (
				en,
				Base,
			);
			mainGroup = 5D3171111F7768F200596D4A;
			productRefGroup = 5D31711B1F7768F200596D4A /* Products */;
			projectDirPath = "";
			projectRoot = "";
			targets = (
				5D3171191F7768F200596D4A /* HappyBirthday */,
			);
		};
/* End PBXProject section */

/* Begin PBXResourcesBuildPhase section */
		5D3171181F7768F200596D4A /* Resources */ = {
			isa = PBXResourcesBuildPhase;
			buildActionMask = 2147483647;
			files = (
				5D3171391F77834B00596D4A /* Birds_01.aif in Resources */,
				5D11EEE41F77FE9100ADE81F /* HappyBirthdaay_K_BG.jpg in Resources */,
				5D3171361F777A7200596D4A /* HappyBirthdaay_N.jpg in Resources */,
				5D3171251F7768F200596D4A /* Assets.xcassets in Resources */,
				5D11EEE31F77FE9100ADE81F /* HappyBirthdaay_N_BG.jpg in Resources */,
				5D3171321F77797100596D4A /* HappyBirthdaay_Neon2.jpg in Resources */,
				5D11EEE01F77FE9100ADE81F /* HappyBirthdaay_K__BG_F.jpg in Resources */,
				5D11EEDF1F77FE9100ADE81F /* HappyBirthdaay_K_HB.png in Resources */,
				5D3171231F7768F200596D4A /* Main.storyboard in Resources */,
				574B33F72655D26B0097710D /* LaunchScreen.storyboard in Resources */,
				5D3171311F77797100596D4A /* HappyBirthdaay_Kitsch.jpg in Resources */,
				5D31713B1F77885600596D4A /* Who Likes to Party.mp3 in Resources */,
				5D11EEDE1F77FE9100ADE81F /* HappyBirthdaay_K_CH.png in Resources */,
				57E122101F7B03E400703722 /* 659681-200.png in Resources */,
				5D11EEE11F77FE9100ADE81F /* HappyBirthdaay_N_CH.png in Resources */,
				5D11EEE21F77FE9100ADE81F /* HappyBirthdaay_N_HB.jpg in Resources */,
				3D47714A1F7BF5530047095F /* Settings.bundle in Resources */,
				5D3171351F777A7200596D4A /* HappyBirthdaay_K.jpg in Resources */,
			);
			runOnlyForDeploymentPostprocessing = 0;
		};
/* End PBXResourcesBuildPhase section */

/* Begin PBXSourcesBuildPhase section */
		5D3171161F7768F200596D4A /* Sources */ = {
			isa = PBXSourcesBuildPhase;
			buildActionMask = 2147483647;
			files = (
				57FF0F8F264F0F52008DEFF4 /* BirdsViewController.swift in Sources */,
				3DC480681F7947520091AADB /* Animator.swift in Sources */,
				5D3171201F7768F200596D4A /* ViewController.swift in Sources */,
				5D31713D1F7788FF00596D4A /* NeonViewController.swift in Sources */,
				5D31711E1F7768F200596D4A /* AppDelegate.swift in Sources */,
				57FF0F9126554084008DEFF4 /* Constants.swift in Sources */,
			);
			runOnlyForDeploymentPostprocessing = 0;
		};
/* End PBXSourcesBuildPhase section */

/* Begin PBXVariantGroup section */
		5D3171211F7768F200596D4A /* Main.storyboard */ = {
			isa = PBXVariantGroup;
			children = (
				5D3171221F7768F200596D4A /* Base */,
			);
			name = Main.storyboard;
			sourceTree = "<group>";
		};
/* End PBXVariantGroup section */

/* Begin XCBuildConfiguration section */
		5D31712A1F7768F200596D4A /* Debug */ = {
			isa = XCBuildConfiguration;
			buildSettings = {
				ALWAYS_SEARCH_USER_PATHS = NO;
				CLANG_ANALYZER_NONNULL = YES;
				CLANG_ANALYZER_NUMBER_OBJECT_CONVERSION = YES_AGGRESSIVE;
				CLANG_CXX_LANGUAGE_STANDARD = "gnu++0x";
				CLANG_CXX_LIBRARY = "libc++";
				CLANG_ENABLE_MODULES = YES;
				CLANG_ENABLE_OBJC_ARC = YES;
				CLANG_WARN_BLOCK_CAPTURE_AUTORELEASING = YES;
				CLANG_WARN_BOOL_CONVERSION = YES;
				CLANG_WARN_COMMA = YES;
				CLANG_WARN_CONSTANT_CONVERSION = YES;
				CLANG_WARN_DEPRECATED_OBJC_IMPLEMENTATIONS = YES;
				CLANG_WARN_DIRECT_OBJC_ISA_USAGE = YES_ERROR;
				CLANG_WARN_DOCUMENTATION_COMMENTS = YES;
				CLANG_WARN_EMPTY_BODY = YES;
				CLANG_WARN_ENUM_CONVERSION = YES;
				CLANG_WARN_INFINITE_RECURSION = YES;
				CLANG_WARN_INT_CONVERSION = YES;
				CLANG_WARN_NON_LITERAL_NULL_CONVERSION = YES;
				CLANG_WARN_OBJC_IMPLICIT_RETAIN_SELF = YES;
				CLANG_WARN_OBJC_LITERAL_CONVERSION = YES;
				CLANG_WARN_OBJC_ROOT_CLASS = YES_ERROR;
				CLANG_WARN_QUOTED_INCLUDE_IN_FRAMEWORK_HEADER = YES;
				CLANG_WARN_RANGE_LOOP_ANALYSIS = YES;
				CLANG_WARN_STRICT_PROTOTYPES = YES;
				CLANG_WARN_SUSPICIOUS_MOVE = YES;
				CLANG_WARN_UNREACHABLE_CODE = YES;
				CLANG_WARN__DUPLICATE_METHOD_MATCH = YES;
				"CODE_SIGN_IDENTITY[sdk=iphoneos*]" = "iPhone Developer";
				COPY_PHASE_STRIP = NO;
				DEBUG_INFORMATION_FORMAT = dwarf;
				ENABLE_STRICT_OBJC_MSGSEND = YES;
				ENABLE_TESTABILITY = YES;
				GCC_C_LANGUAGE_STANDARD = gnu99;
				GCC_DYNAMIC_NO_PIC = NO;
				GCC_NO_COMMON_BLOCKS = YES;
				GCC_OPTIMIZATION_LEVEL = 0;
				GCC_PREPROCESSOR_DEFINITIONS = (
					"DEBUG=1",
					"$(inherited)",
				);
				GCC_WARN_64_TO_32_BIT_CONVERSION = YES;
				GCC_WARN_ABOUT_RETURN_TYPE = YES_ERROR;
				GCC_WARN_UNDECLARED_SELECTOR = YES;
				GCC_WARN_UNINITIALIZED_AUTOS = YES_AGGRESSIVE;
				GCC_WARN_UNUSED_FUNCTION = YES;
				GCC_WARN_UNUSED_VARIABLE = YES;
				IPHONEOS_DEPLOYMENT_TARGET = 14.1;
				MTL_ENABLE_DEBUG_INFO = YES;
				ONLY_ACTIVE_ARCH = YES;
				SDKROOT = iphoneos;
				SWIFT_ACTIVE_COMPILATION_CONDITIONS = DEBUG;
				SWIFT_OPTIMIZATION_LEVEL = "-Onone";
				TARGETED_DEVICE_FAMILY = "1,2";
			};
			name = Debug;
		};
		5D31712B1F7768F200596D4A /* Release */ = {
			isa = XCBuildConfiguration;
			buildSettings = {
				ALWAYS_SEARCH_USER_PATHS = NO;
				CLANG_ANALYZER_NONNULL = YES;
				CLANG_ANALYZER_NUMBER_OBJECT_CONVERSION = YES_AGGRESSIVE;
				CLANG_CXX_LANGUAGE_STANDARD = "gnu++0x";
				CLANG_CXX_LIBRARY = "libc++";
				CLANG_ENABLE_MODULES = YES;
				CLANG_ENABLE_OBJC_ARC = YES;
				CLANG_WARN_BLOCK_CAPTURE_AUTORELEASING = YES;
				CLANG_WARN_BOOL_CONVERSION = YES;
				CLANG_WARN_COMMA = YES;
				CLANG_WARN_CONSTANT_CONVERSION = YES;
				CLANG_WARN_DEPRECATED_OBJC_IMPLEMENTATIONS = YES;
				CLANG_WARN_DIRECT_OBJC_ISA_USAGE = YES_ERROR;
				CLANG_WARN_DOCUMENTATION_COMMENTS = YES;
				CLANG_WARN_EMPTY_BODY = YES;
				CLANG_WARN_ENUM_CONVERSION = YES;
				CLANG_WARN_INFINITE_RECURSION = YES;
				CLANG_WARN_INT_CONVERSION = YES;
				CLANG_WARN_NON_LITERAL_NULL_CONVERSION = YES;
				CLANG_WARN_OBJC_IMPLICIT_RETAIN_SELF = YES;
				CLANG_WARN_OBJC_LITERAL_CONVERSION = YES;
				CLANG_WARN_OBJC_ROOT_CLASS = YES_ERROR;
				CLANG_WARN_QUOTED_INCLUDE_IN_FRAMEWORK_HEADER = YES;
				CLANG_WARN_RANGE_LOOP_ANALYSIS = YES;
				CLANG_WARN_STRICT_PROTOTYPES = YES;
				CLANG_WARN_SUSPICIOUS_MOVE = YES;
				CLANG_WARN_UNREACHABLE_CODE = YES;
				CLANG_WARN__DUPLICATE_METHOD_MATCH = YES;
				"CODE_SIGN_IDENTITY[sdk=iphoneos*]" = "iPhone Developer";
				COPY_PHASE_STRIP = NO;
				DEBUG_INFORMATION_FORMAT = "dwarf-with-dsym";
				ENABLE_NS_ASSERTIONS = NO;
				ENABLE_STRICT_OBJC_MSGSEND = YES;
				GCC_C_LANGUAGE_STANDARD = gnu99;
				GCC_NO_COMMON_BLOCKS = YES;
				GCC_WARN_64_TO_32_BIT_CONVERSION = YES;
				GCC_WARN_ABOUT_RETURN_TYPE = YES_ERROR;
				GCC_WARN_UNDECLARED_SELECTOR = YES;
				GCC_WARN_UNINITIALIZED_AUTOS = YES_AGGRESSIVE;
				GCC_WARN_UNUSED_FUNCTION = YES;
				GCC_WARN_UNUSED_VARIABLE = YES;
				IPHONEOS_DEPLOYMENT_TARGET = 14.1;
				MTL_ENABLE_DEBUG_INFO = NO;
				SDKROOT = iphoneos;
				SWIFT_OPTIMIZATION_LEVEL = "-Owholemodule";
				TARGETED_DEVICE_FAMILY = "1,2";
				VALIDATE_PRODUCT = YES;
			};
			name = Release;
		};
		5D31712D1F7768F200596D4A /* Debug */ = {
			isa = XCBuildConfiguration;
			buildSettings = {
				ASSETCATALOG_COMPILER_APPICON_NAME = AppIcon;
				DEVELOPMENT_TEAM = 3C42F7N9CQ;
				INFOPLIST_FILE = HappyBirthday/Info.plist;
				LD_RUNPATH_SEARCH_PATHS = "$(inherited) @executable_path/Frameworks";
				PRODUCT_BUNDLE_IDENTIFIER = com.jossy.HappyBirthday;
				PRODUCT_NAME = "$(TARGET_NAME)";
				SWIFT_VERSION = 5.0;
			};
			name = Debug;
		};
		5D31712E1F7768F200596D4A /* Release */ = {
			isa = XCBuildConfiguration;
			buildSettings = {
				ASSETCATALOG_COMPILER_APPICON_NAME = AppIcon;
				DEVELOPMENT_TEAM = 3C42F7N9CQ;
				INFOPLIST_FILE = HappyBirthday/Info.plist;
				LD_RUNPATH_SEARCH_PATHS = "$(inherited) @executable_path/Frameworks";
				PRODUCT_BUNDLE_IDENTIFIER = com.jossy.HappyBirthday;
				PRODUCT_NAME = "$(TARGET_NAME)";
				SWIFT_VERSION = 5.0;
			};
			name = Release;
		};
/* End XCBuildConfiguration section */

/* Begin XCConfigurationList section */
		5D3171151F7768F200596D4A /* Build configuration list for PBXProject "HappyBirthday" */ = {
			isa = XCConfigurationList;
			buildConfigurations = (
				5D31712A1F7768F200596D4A /* Debug */,
				5D31712B1F7768F200596D4A /* Release */,
			);
			defaultConfigurationIsVisible = 0;
			defaultConfigurationName = Release;
		};
		5D31712C1F7768F200596D4A /* Build configuration list for PBXNativeTarget "HappyBirthday" */ = {
			isa = XCConfigurationList;
			buildConfigurations = (
				5D31712D1F7768F200596D4A /* Debug */,
				5D31712E1F7768F200596D4A /* Release */,
			);
			defaultConfigurationIsVisible = 0;
			defaultConfigurationName = Release;
		};
/* End XCConfigurationList section */
	};
	rootObject = 5D3171121F7768F200596D4A /* Project object */;
}
